
Microsoft Visual Studio Solution File, Format Version 12.00
# Visual Studio Version 17
VisualStudioVersion = 17.9.34414.90
MinimumVisualStudioVersion = 10.0.40219.1
Project("{FAE04EC0-301F-11D3-BF4B-00C04F79EFBC}") = "Project1", "Project1\Project1\Project1.csproj", "{CAA04880-4E2D-4F31-B539-EE242F910414}"
EndProject
Global
	GlobalSection(SolutionConfigurationPlatforms) = preSolution
		Debug|Any CPU = Debug|Any CPU
		Release|Any CPU = Release|Any CPU
	EndGlobalSection
	GlobalSection(ProjectConfigurationPlatforms) = postSolution
		{CAA04880-4E2D-4F31-B539-EE242F910414}.Debug|Any CPU.ActiveCfg = Debug|Any CPU
		{CAA04880-4E2D-4F31-B539-EE242F910414}.Debug|Any CPU.Build.0 = Debug|Any CPU
		{CAA04880-4E2D-4F31-B539-EE242F910414}.Release|Any CPU.ActiveCfg = Release|Any CPU
		{CAA04880-4E2D-4F31-B539-EE242F910414}.Release|Any CPU.Build.0 = Release|Any CPU
	EndGlobalSection
	GlobalSection(SolutionProperties) = preSolution
		HideSolutionNode = FALSE
	EndGlobalSection
	GlobalSection(ExtensibilityGlobals) = postSolution
		SolutionGuid = {942412BF-C415-4EA3-80F8-3F3551E9AD09}
	EndGlobalSection
EndGlobal
